
Microsoft Visual Studio Solution File, Format Version 12.00
# Visual Studio 15
VisualStudioVersion = 15.0.27130.2027
MinimumVisualStudioVersion = 10.0.40219.1
Project("{FAE04EC0-301F-11D3-BF4B-00C04F79EFBC}") = "Module01_CS", "Module01_CS\Module01_CS.csproj", "{ED61EF61-2518-4358-9274-AF90546F16DC}"
EndProject
Project("{2150E333-8FDC-42A3-9474-1A3956D46DE8}") = "PlayGround", "PlayGround", "{614BAE00-84EB-47BC-8C41-71B6E2131A8C}"
EndProject
Project("{2150E333-8FDC-42A3-9474-1A3956D46DE8}") = "Assignments", "Assignments", "{5E1B2542-C3EE-4515-8C83-C8E805B50E0F}"
EndProject
Project("{FAE04EC0-301F-11D3-BF4B-00C04F79EFBC}") = "Module02_HelloWorld", "Module02_HelloWorld\Module02_HelloWorld.csproj", "{3B404ABE-B1C1-4EB1-A581-63703EEFA401}"
EndProject
Project("{FAE04EC0-301F-11D3-BF4B-00C04F79EFBC}") = "Module03_ValueTypes", "Module03_ValueTypes\Module03_ValueTypes.csproj", "{52314A04-A84B-4053-A6DE-837C39AAA4A2}"
EndProject
Project("{FAE04EC0-301F-11D3-BF4B-00C04F79EFBC}") = "Module04_ReferenceTypes", "Module04_ReferenceTypes\Module04_ReferenceTypes.csproj", "{224C681D-ACDD-48F7-9929-4B111EF0D1B9}"
EndProject
Project("{FAE04EC0-301F-11D3-BF4B-00C04F79EFBC}") = "Module05_Methods", "Module05_Methods\Module05_Methods.csproj", "{779B2028-C640-4905-A36D-A83A043ACA82}"
EndProject
Project("{FAE04EC0-301F-11D3-BF4B-00C04F79EFBC}") = "Module08_Inheritance", "Module08_Inheritance\Module08_Inheritance.csproj", "{C6A5C699-6257-4CDE-9C12-70502FDC05E5}"
EndProject
Project("{FAE04EC0-301F-11D3-BF4B-00C04F79EFBC}") = "Module09_ExceptionHandling", "Module09_ExceptionHandling\Module09_ExceptionHandling.csproj", "{BD24CAA3-9A99-4922-B73F-2A1F55486AFF}"
EndProject
Project("{FAE04EC0-301F-11D3-BF4B-00C04F79EFBC}") = "Module10_Interfaces", "Module10_Interfaces\Module10_Interfaces.csproj", "{D483641F-1FC6-47B3-A957-AC7771E1114D}"
EndProject
Project("{FAE04EC0-301F-11D3-BF4B-00C04F79EFBC}") = "Module11_Collections", "Module11_Collections\Module11_Collections.csproj", "{5A6D04FF-61B6-4466-AC97-072ED4CEBA4C}"
EndProject
Project("{FAE04EC0-301F-11D3-BF4B-00C04F79EFBC}") = "Module12_Delegates", "Module12_Delegates\Module12_Delegates.csproj", "{5A1F3DDC-9D77-418A-83F2-DC422391FEB4}"
EndProject
Project("{FAE04EC0-301F-11D3-BF4B-00C04F79EFBC}") = "Module13_Avanced", "Module13_Avanced\Module13_Avanced.csproj", "{1E76C25D-E3DE-46A6-85F2-AD0D99FDD13C}"
EndProject
Project("{FAE04EC0-301F-11D3-BF4B-00C04F79EFBC}") = "Module14_LINQ", "Module14_LINQ\Module14_LINQ.csproj", "{26A8998B-29FB-4676-A5E2-42C60E15D61E}"
EndProject
Project("{FAE04EC0-301F-11D3-BF4B-00C04F79EFBC}") = "Module06_IntroOOP", "Module06_IntroOOP\Module06_IntroOOP.csproj", "{1ADB742F-AFC9-48E4-A036-484829B78DFF}"
EndProject
Project("{FAE04EC0-301F-11D3-BF4B-00C04F79EFBC}") = "Module07_Properties", "Module07_Properties\Module07_Properties.csproj", "{76322B76-8542-4732-B944-23F75E811409}"
EndProject
Project("{FAE04EC0-301F-11D3-BF4B-00C04F79EFBC}") = "Variabler", "Variabler\Variabler.csproj", "{4FF39BF5-80CC-4A0A-8C83-E88EEBF609AE}"
EndProject
Project("{FAE04EC0-301F-11D3-BF4B-00C04F79EFBC}") = "Arrays", "Arrays\Arrays.csproj", "{1119365F-F06E-4FD5-A460-881BE13571C5}"
EndProject
Project("{FAE04EC0-301F-11D3-BF4B-00C04F79EFBC}") = "String", "String\String.csproj", "{2FA7DAE1-DBF3-49CC-A6C8-13865325640D}"
EndProject
Project("{FAE04EC0-301F-11D3-BF4B-00C04F79EFBC}") = "ForLokke", "ForLokke\ForLokke.csproj", "{755119C9-E2F7-4ED5-B305-CD0E07A340AE}"
EndProject
Project("{FAE04EC0-301F-11D3-BF4B-00C04F79EFBC}") = "Method", "Method\Method.csproj", "{FD2C14EA-011F-4D9F-8F5F-4B1B2874D0CF}"
EndProject
Project("{9A19103F-16F7-4668-BE54-9A1E7A4F7556}") = "Beginner", "Beginner\Beginner.csproj", "{50DCEF4D-A742-4B37-8197-B1F052AF34A7}"
EndProject
Project("{9A19103F-16F7-4668-BE54-9A1E7A4F7556}") = "SimpelKlasse", "SimpelKlasse\SimpelKlasse.csproj", "{092ADAAD-B0F5-4D47-B788-67CAE9A27737}"
EndProject
Project("{9A19103F-16F7-4668-BE54-9A1E7A4F7556}") = "Yatzy", "Yatzy\Yatzy.csproj", "{99F44F31-7F6F-4C48-842F-8F5667736AB0}"
EndProject
Project("{9A19103F-16F7-4668-BE54-9A1E7A4F7556}") = "EgenskaberPerson", "EgenskaberPerson\EgenskaberPerson.csproj", "{A50C1697-1E99-489B-942F-13351AB2E9B7}"
EndProject
Project("{9A19103F-16F7-4668-BE54-9A1E7A4F7556}") = "EgenskaberTrekant", "EgenskaberTrekant\EgenskaberTrekant.csproj", "{67699FFB-0D5A-4730-A85C-D029413CC6DA}"
EndProject
Project("{9A19103F-16F7-4668-BE54-9A1E7A4F7556}") = "StatiskeMetoder", "StatiskeMetoder\StatiskeMetoder.csproj", "{0B7340DD-FE68-47B7-BCB7-5F2069BDCEC5}"
EndProject
Project("{9A19103F-16F7-4668-BE54-9A1E7A4F7556}") = "EgenskaberVare", "EgenskaberVare\EgenskaberVare.csproj", "{A4126292-7527-4B72-928D-4F2AF75A0CA0}"
EndProject
Project("{9A19103F-16F7-4668-BE54-9A1E7A4F7556}") = "Arv", "Arv\Arv.csproj", "{E6922547-FFE4-426C-AEE3-F014EB2ECC9D}"
EndProject
Project("{9A19103F-16F7-4668-BE54-9A1E7A4F7556}") = "ArvRandom", "ArvRandom\ArvRandom.csproj", "{AC4FD76C-9401-4669-9148-825719D573AB}"
EndProject
Project("{9A19103F-16F7-4668-BE54-9A1E7A4F7556}") = "PolymorfiDyr", "PolymorfiDyr\PolymorfiDyr.csproj", "{BC902841-808A-4368-A9D1-96EDC6E5D91E}"
EndProject
Project("{9A19103F-16F7-4668-BE54-9A1E7A4F7556}") = "NedarvingOgPolymporfi", "NedarvingOgPolymporfi\NedarvingOgPolymporfi.csproj", "{340CE65A-CEB0-4366-8AC5-CFBE9CAFD07B}"
EndProject
Project("{FAE04EC0-301F-11D3-BF4B-00C04F79EFBC}") = "Faktura", "Faktura\Faktura.csproj", "{CDBB5EE2-4FF3-44DE-8869-1E018C1DA2CA}"
EndProject
Project("{FAE04EC0-301F-11D3-BF4B-00C04F79EFBC}") = "InterfaceAndNLog", "Interface\InterfaceAndNLog.csproj", "{43C81C5E-86EF-47F8-B818-7F7235552AC3}"
EndProject
Project("{FAE04EC0-301F-11D3-BF4B-00C04F79EFBC}") = "Compare", "Compare\Compare.csproj", "{719072A8-E6A2-443C-81D2-F979A9F716C3}"
EndProject
Project("{FAE04EC0-301F-11D3-BF4B-00C04F79EFBC}") = "Using", "Using\Using.csproj", "{B6AE99D8-7681-43BE-B767-C5DED7529F46}"
EndProject
Project("{FAE04EC0-301F-11D3-BF4B-00C04F79EFBC}") = "Collection", "Collection\Collection.csproj", "{DEA18B3A-DBC0-40C8-A8E2-C533B2085ACF}"
EndProject
Project("{FAE04EC0-301F-11D3-BF4B-00C04F79EFBC}") = "CollectionKortSpil", "CollectionKortSpil\CollectionKortSpil.csproj", "{75CD5F20-CAD8-40ED-B39B-17D2766C7E32}"
EndProject
Global
	GlobalSection(SolutionConfigurationPlatforms) = preSolution
		Debug|Any CPU = Debug|Any CPU
		Release|Any CPU = Release|Any CPU
	EndGlobalSection
	GlobalSection(ProjectConfigurationPlatforms) = postSolution
		{ED61EF61-2518-4358-9274-AF90546F16DC}.Debug|Any CPU.ActiveCfg = Debug|Any CPU
		{ED61EF61-2518-4358-9274-AF90546F16DC}.Debug|Any CPU.Build.0 = Debug|Any CPU
		{ED61EF61-2518-4358-9274-AF90546F16DC}.Release|Any CPU.ActiveCfg = Release|Any CPU
		{ED61EF61-2518-4358-9274-AF90546F16DC}.Release|Any CPU.Build.0 = Release|Any CPU
		{3B404ABE-B1C1-4EB1-A581-63703EEFA401}.Debug|Any CPU.ActiveCfg = Debug|Any CPU
		{3B404ABE-B1C1-4EB1-A581-63703EEFA401}.Debug|Any CPU.Build.0 = Debug|Any CPU
		{3B404ABE-B1C1-4EB1-A581-63703EEFA401}.Release|Any CPU.ActiveCfg = Release|Any CPU
		{3B404ABE-B1C1-4EB1-A581-63703EEFA401}.Release|Any CPU.Build.0 = Release|Any CPU
		{52314A04-A84B-4053-A6DE-837C39AAA4A2}.Debug|Any CPU.ActiveCfg = Debug|Any CPU
		{52314A04-A84B-4053-A6DE-837C39AAA4A2}.Debug|Any CPU.Build.0 = Debug|Any CPU
		{52314A04-A84B-4053-A6DE-837C39AAA4A2}.Release|Any CPU.ActiveCfg = Release|Any CPU
		{52314A04-A84B-4053-A6DE-837C39AAA4A2}.Release|Any CPU.Build.0 = Release|Any CPU
		{224C681D-ACDD-48F7-9929-4B111EF0D1B9}.Debug|Any CPU.ActiveCfg = Debug|Any CPU
		{224C681D-ACDD-48F7-9929-4B111EF0D1B9}.Debug|Any CPU.Build.0 = Debug|Any CPU
		{224C681D-ACDD-48F7-9929-4B111EF0D1B9}.Release|Any CPU.ActiveCfg = Release|Any CPU
		{224C681D-ACDD-48F7-9929-4B111EF0D1B9}.Release|Any CPU.Build.0 = Release|Any CPU
		{779B2028-C640-4905-A36D-A83A043ACA82}.Debug|Any CPU.ActiveCfg = Debug|Any CPU
		{779B2028-C640-4905-A36D-A83A043ACA82}.Debug|Any CPU.Build.0 = Debug|Any CPU
		{779B2028-C640-4905-A36D-A83A043ACA82}.Release|Any CPU.ActiveCfg = Release|Any CPU
		{779B2028-C640-4905-A36D-A83A043ACA82}.Release|Any CPU.Build.0 = Release|Any CPU
		{C6A5C699-6257-4CDE-9C12-70502FDC05E5}.Debug|Any CPU.ActiveCfg = Debug|Any CPU
		{C6A5C699-6257-4CDE-9C12-70502FDC05E5}.Debug|Any CPU.Build.0 = Debug|Any CPU
		{C6A5C699-6257-4CDE-9C12-70502FDC05E5}.Release|Any CPU.ActiveCfg = Release|Any CPU
		{C6A5C699-6257-4CDE-9C12-70502FDC05E5}.Release|Any CPU.Build.0 = Release|Any CPU
		{BD24CAA3-9A99-4922-B73F-2A1F55486AFF}.Debug|Any CPU.ActiveCfg = Debug|Any CPU
		{BD24CAA3-9A99-4922-B73F-2A1F55486AFF}.Debug|Any CPU.Build.0 = Debug|Any CPU
		{BD24CAA3-9A99-4922-B73F-2A1F55486AFF}.Release|Any CPU.ActiveCfg = Release|Any CPU
		{BD24CAA3-9A99-4922-B73F-2A1F55486AFF}.Release|Any CPU.Build.0 = Release|Any CPU
		{D483641F-1FC6-47B3-A957-AC7771E1114D}.Debug|Any CPU.ActiveCfg = Debug|Any CPU
		{D483641F-1FC6-47B3-A957-AC7771E1114D}.Debug|Any CPU.Build.0 = Debug|Any CPU
		{D483641F-1FC6-47B3-A957-AC7771E1114D}.Release|Any CPU.ActiveCfg = Release|Any CPU
		{D483641F-1FC6-47B3-A957-AC7771E1114D}.Release|Any CPU.Build.0 = Release|Any CPU
		{5A6D04FF-61B6-4466-AC97-072ED4CEBA4C}.Debug|Any CPU.ActiveCfg = Debug|Any CPU
		{5A6D04FF-61B6-4466-AC97-072ED4CEBA4C}.Debug|Any CPU.Build.0 = Debug|Any CPU
		{5A6D04FF-61B6-4466-AC97-072ED4CEBA4C}.Release|Any CPU.ActiveCfg = Release|Any CPU
		{5A6D04FF-61B6-4466-AC97-072ED4CEBA4C}.Release|Any CPU.Build.0 = Release|Any CPU
		{5A1F3DDC-9D77-418A-83F2-DC422391FEB4}.Debug|Any CPU.ActiveCfg = Debug|Any CPU
		{5A1F3DDC-9D77-418A-83F2-DC422391FEB4}.Debug|Any CPU.Build.0 = Debug|Any CPU
		{5A1F3DDC-9D77-418A-83F2-DC422391FEB4}.Release|Any CPU.ActiveCfg = Release|Any CPU
		{5A1F3DDC-9D77-418A-83F2-DC422391FEB4}.Release|Any CPU.Build.0 = Release|Any CPU
		{1E76C25D-E3DE-46A6-85F2-AD0D99FDD13C}.Debug|Any CPU.ActiveCfg = Debug|Any CPU
		{1E76C25D-E3DE-46A6-85F2-AD0D99FDD13C}.Debug|Any CPU.Build.0 = Debug|Any CPU
		{1E76C25D-E3DE-46A6-85F2-AD0D99FDD13C}.Release|Any CPU.ActiveCfg = Release|Any CPU
		{1E76C25D-E3DE-46A6-85F2-AD0D99FDD13C}.Release|Any CPU.Build.0 = Release|Any CPU
		{26A8998B-29FB-4676-A5E2-42C60E15D61E}.Debug|Any CPU.ActiveCfg = Debug|Any CPU
		{26A8998B-29FB-4676-A5E2-42C60E15D61E}.Debug|Any CPU.Build.0 = Debug|Any CPU
		{26A8998B-29FB-4676-A5E2-42C60E15D61E}.Release|Any CPU.ActiveCfg = Release|Any CPU
		{26A8998B-29FB-4676-A5E2-42C60E15D61E}.Release|Any CPU.Build.0 = Release|Any CPU
		{1ADB742F-AFC9-48E4-A036-484829B78DFF}.Debug|Any CPU.ActiveCfg = Debug|Any CPU
		{1ADB742F-AFC9-48E4-A036-484829B78DFF}.Debug|Any CPU.Build.0 = Debug|Any CPU
		{1ADB742F-AFC9-48E4-A036-484829B78DFF}.Release|Any CPU.ActiveCfg = Release|Any CPU
		{1ADB742F-AFC9-48E4-A036-484829B78DFF}.Release|Any CPU.Build.0 = Release|Any CPU
		{76322B76-8542-4732-B944-23F75E811409}.Debug|Any CPU.ActiveCfg = Debug|Any CPU
		{76322B76-8542-4732-B944-23F75E811409}.Debug|Any CPU.Build.0 = Debug|Any CPU
		{76322B76-8542-4732-B944-23F75E811409}.Release|Any CPU.ActiveCfg = Release|Any CPU
		{76322B76-8542-4732-B944-23F75E811409}.Release|Any CPU.Build.0 = Release|Any CPU
		{4FF39BF5-80CC-4A0A-8C83-E88EEBF609AE}.Debug|Any CPU.ActiveCfg = Debug|Any CPU
		{4FF39BF5-80CC-4A0A-8C83-E88EEBF609AE}.Debug|Any CPU.Build.0 = Debug|Any CPU
		{4FF39BF5-80CC-4A0A-8C83-E88EEBF609AE}.Release|Any CPU.ActiveCfg = Release|Any CPU
		{4FF39BF5-80CC-4A0A-8C83-E88EEBF609AE}.Release|Any CPU.Build.0 = Release|Any CPU
		{1119365F-F06E-4FD5-A460-881BE13571C5}.Debug|Any CPU.ActiveCfg = Debug|Any CPU
		{1119365F-F06E-4FD5-A460-881BE13571C5}.Debug|Any CPU.Build.0 = Debug|Any CPU
		{1119365F-F06E-4FD5-A460-881BE13571C5}.Release|Any CPU.ActiveCfg = Release|Any CPU
		{1119365F-F06E-4FD5-A460-881BE13571C5}.Release|Any CPU.Build.0 = Release|Any CPU
		{2FA7DAE1-DBF3-49CC-A6C8-13865325640D}.Debug|Any CPU.ActiveCfg = Debug|Any CPU
		{2FA7DAE1-DBF3-49CC-A6C8-13865325640D}.Debug|Any CPU.Build.0 = Debug|Any CPU
		{2FA7DAE1-DBF3-49CC-A6C8-13865325640D}.Release|Any CPU.ActiveCfg = Release|Any CPU
		{2FA7DAE1-DBF3-49CC-A6C8-13865325640D}.Release|Any CPU.Build.0 = Release|Any CPU
		{755119C9-E2F7-4ED5-B305-CD0E07A340AE}.Debug|Any CPU.ActiveCfg = Debug|Any CPU
		{755119C9-E2F7-4ED5-B305-CD0E07A340AE}.Debug|Any CPU.Build.0 = Debug|Any CPU
		{755119C9-E2F7-4ED5-B305-CD0E07A340AE}.Release|Any CPU.ActiveCfg = Release|Any CPU
		{755119C9-E2F7-4ED5-B305-CD0E07A340AE}.Release|Any CPU.Build.0 = Release|Any CPU
		{FD2C14EA-011F-4D9F-8F5F-4B1B2874D0CF}.Debug|Any CPU.ActiveCfg = Debug|Any CPU
		{FD2C14EA-011F-4D9F-8F5F-4B1B2874D0CF}.Debug|Any CPU.Build.0 = Debug|Any CPU
		{FD2C14EA-011F-4D9F-8F5F-4B1B2874D0CF}.Release|Any CPU.ActiveCfg = Release|Any CPU
		{FD2C14EA-011F-4D9F-8F5F-4B1B2874D0CF}.Release|Any CPU.Build.0 = Release|Any CPU
		{50DCEF4D-A742-4B37-8197-B1F052AF34A7}.Debug|Any CPU.ActiveCfg = Debug|Any CPU
		{50DCEF4D-A742-4B37-8197-B1F052AF34A7}.Debug|Any CPU.Build.0 = Debug|Any CPU
		{50DCEF4D-A742-4B37-8197-B1F052AF34A7}.Release|Any CPU.ActiveCfg = Release|Any CPU
		{50DCEF4D-A742-4B37-8197-B1F052AF34A7}.Release|Any CPU.Build.0 = Release|Any CPU
		{092ADAAD-B0F5-4D47-B788-67CAE9A27737}.Debug|Any CPU.ActiveCfg = Debug|Any CPU
		{092ADAAD-B0F5-4D47-B788-67CAE9A27737}.Debug|Any CPU.Build.0 = Debug|Any CPU
		{092ADAAD-B0F5-4D47-B788-67CAE9A27737}.Release|Any CPU.ActiveCfg = Release|Any CPU
		{092ADAAD-B0F5-4D47-B788-67CAE9A27737}.Release|Any CPU.Build.0 = Release|Any CPU
		{99F44F31-7F6F-4C48-842F-8F5667736AB0}.Debug|Any CPU.ActiveCfg = Debug|Any CPU
		{99F44F31-7F6F-4C48-842F-8F5667736AB0}.Debug|Any CPU.Build.0 = Debug|Any CPU
		{99F44F31-7F6F-4C48-842F-8F5667736AB0}.Release|Any CPU.ActiveCfg = Release|Any CPU
		{99F44F31-7F6F-4C48-842F-8F5667736AB0}.Release|Any CPU.Build.0 = Release|Any CPU
		{A50C1697-1E99-489B-942F-13351AB2E9B7}.Debug|Any CPU.ActiveCfg = Debug|Any CPU
		{A50C1697-1E99-489B-942F-13351AB2E9B7}.Debug|Any CPU.Build.0 = Debug|Any CPU
		{A50C1697-1E99-489B-942F-13351AB2E9B7}.Release|Any CPU.ActiveCfg = Release|Any CPU
		{A50C1697-1E99-489B-942F-13351AB2E9B7}.Release|Any CPU.Build.0 = Release|Any CPU
		{67699FFB-0D5A-4730-A85C-D029413CC6DA}.Debug|Any CPU.ActiveCfg = Debug|Any CPU
		{67699FFB-0D5A-4730-A85C-D029413CC6DA}.Debug|Any CPU.Build.0 = Debug|Any CPU
		{67699FFB-0D5A-4730-A85C-D029413CC6DA}.Release|Any CPU.ActiveCfg = Release|Any CPU
		{67699FFB-0D5A-4730-A85C-D029413CC6DA}.Release|Any CPU.Build.0 = Release|Any CPU
		{0B7340DD-FE68-47B7-BCB7-5F2069BDCEC5}.Debug|Any CPU.ActiveCfg = Debug|Any CPU
		{0B7340DD-FE68-47B7-BCB7-5F2069BDCEC5}.Debug|Any CPU.Build.0 = Debug|Any CPU
		{0B7340DD-FE68-47B7-BCB7-5F2069BDCEC5}.Release|Any CPU.ActiveCfg = Release|Any CPU
		{0B7340DD-FE68-47B7-BCB7-5F2069BDCEC5}.Release|Any CPU.Build.0 = Release|Any CPU
		{A4126292-7527-4B72-928D-4F2AF75A0CA0}.Debug|Any CPU.ActiveCfg = Debug|Any CPU
		{A4126292-7527-4B72-928D-4F2AF75A0CA0}.Debug|Any CPU.Build.0 = Debug|Any CPU
		{A4126292-7527-4B72-928D-4F2AF75A0CA0}.Release|Any CPU.ActiveCfg = Release|Any CPU
		{A4126292-7527-4B72-928D-4F2AF75A0CA0}.Release|Any CPU.Build.0 = Release|Any CPU
		{E6922547-FFE4-426C-AEE3-F014EB2ECC9D}.Debug|Any CPU.ActiveCfg = Debug|Any CPU
		{E6922547-FFE4-426C-AEE3-F014EB2ECC9D}.Debug|Any CPU.Build.0 = Debug|Any CPU
		{E6922547-FFE4-426C-AEE3-F014EB2ECC9D}.Release|Any CPU.ActiveCfg = Release|Any CPU
		{E6922547-FFE4-426C-AEE3-F014EB2ECC9D}.Release|Any CPU.Build.0 = Release|Any CPU
		{AC4FD76C-9401-4669-9148-825719D573AB}.Debug|Any CPU.ActiveCfg = Debug|Any CPU
		{AC4FD76C-9401-4669-9148-825719D573AB}.Debug|Any CPU.Build.0 = Debug|Any CPU
		{AC4FD76C-9401-4669-9148-825719D573AB}.Release|Any CPU.ActiveCfg = Release|Any CPU
		{AC4FD76C-9401-4669-9148-825719D573AB}.Release|Any CPU.Build.0 = Release|Any CPU
		{BC902841-808A-4368-A9D1-96EDC6E5D91E}.Debug|Any CPU.ActiveCfg = Debug|Any CPU
		{BC902841-808A-4368-A9D1-96EDC6E5D91E}.Debug|Any CPU.Build.0 = Debug|Any CPU
		{BC902841-808A-4368-A9D1-96EDC6E5D91E}.Release|Any CPU.ActiveCfg = Release|Any CPU
		{BC902841-808A-4368-A9D1-96EDC6E5D91E}.Release|Any CPU.Build.0 = Release|Any CPU
		{340CE65A-CEB0-4366-8AC5-CFBE9CAFD07B}.Debug|Any CPU.ActiveCfg = Debug|Any CPU
		{340CE65A-CEB0-4366-8AC5-CFBE9CAFD07B}.Debug|Any CPU.Build.0 = Debug|Any CPU
		{340CE65A-CEB0-4366-8AC5-CFBE9CAFD07B}.Release|Any CPU.ActiveCfg = Release|Any CPU
		{340CE65A-CEB0-4366-8AC5-CFBE9CAFD07B}.Release|Any CPU.Build.0 = Release|Any CPU
		{CDBB5EE2-4FF3-44DE-8869-1E018C1DA2CA}.Debug|Any CPU.ActiveCfg = Debug|Any CPU
		{CDBB5EE2-4FF3-44DE-8869-1E018C1DA2CA}.Debug|Any CPU.Build.0 = Debug|Any CPU
		{CDBB5EE2-4FF3-44DE-8869-1E018C1DA2CA}.Release|Any CPU.ActiveCfg = Release|Any CPU
		{CDBB5EE2-4FF3-44DE-8869-1E018C1DA2CA}.Release|Any CPU.Build.0 = Release|Any CPU
		{43C81C5E-86EF-47F8-B818-7F7235552AC3}.Debug|Any CPU.ActiveCfg = Debug|Any CPU
		{43C81C5E-86EF-47F8-B818-7F7235552AC3}.Debug|Any CPU.Build.0 = Debug|Any CPU
		{43C81C5E-86EF-47F8-B818-7F7235552AC3}.Release|Any CPU.ActiveCfg = Release|Any CPU
		{43C81C5E-86EF-47F8-B818-7F7235552AC3}.Release|Any CPU.Build.0 = Release|Any CPU
		{719072A8-E6A2-443C-81D2-F979A9F716C3}.Debug|Any CPU.ActiveCfg = Debug|Any CPU
		{719072A8-E6A2-443C-81D2-F979A9F716C3}.Debug|Any CPU.Build.0 = Debug|Any CPU
		{719072A8-E6A2-443C-81D2-F979A9F716C3}.Release|Any CPU.ActiveCfg = Release|Any CPU
		{719072A8-E6A2-443C-81D2-F979A9F716C3}.Release|Any CPU.Build.0 = Release|Any CPU
		{B6AE99D8-7681-43BE-B767-C5DED7529F46}.Debug|Any CPU.ActiveCfg = Debug|Any CPU
		{B6AE99D8-7681-43BE-B767-C5DED7529F46}.Debug|Any CPU.Build.0 = Debug|Any CPU
		{B6AE99D8-7681-43BE-B767-C5DED7529F46}.Release|Any CPU.ActiveCfg = Release|Any CPU
		{B6AE99D8-7681-43BE-B767-C5DED7529F46}.Release|Any CPU.Build.0 = Release|Any CPU
		{DEA18B3A-DBC0-40C8-A8E2-C533B2085ACF}.Debug|Any CPU.ActiveCfg = Debug|Any CPU
		{DEA18B3A-DBC0-40C8-A8E2-C533B2085ACF}.Debug|Any CPU.Build.0 = Debug|Any CPU
		{DEA18B3A-DBC0-40C8-A8E2-C533B2085ACF}.Release|Any CPU.ActiveCfg = Release|Any CPU
		{DEA18B3A-DBC0-40C8-A8E2-C533B2085ACF}.Release|Any CPU.Build.0 = Release|Any CPU
		{75CD5F20-CAD8-40ED-B39B-17D2766C7E32}.Debug|Any CPU.ActiveCfg = Debug|Any CPU
		{75CD5F20-CAD8-40ED-B39B-17D2766C7E32}.Debug|Any CPU.Build.0 = Debug|Any CPU
		{75CD5F20-CAD8-40ED-B39B-17D2766C7E32}.Release|Any CPU.ActiveCfg = Release|Any CPU
		{75CD5F20-CAD8-40ED-B39B-17D2766C7E32}.Release|Any CPU.Build.0 = Release|Any CPU
	EndGlobalSection
	GlobalSection(SolutionProperties) = preSolution
		HideSolutionNode = FALSE
	EndGlobalSection
	GlobalSection(NestedProjects) = preSolution
		{ED61EF61-2518-4358-9274-AF90546F16DC} = {614BAE00-84EB-47BC-8C41-71B6E2131A8C}
		{3B404ABE-B1C1-4EB1-A581-63703EEFA401} = {614BAE00-84EB-47BC-8C41-71B6E2131A8C}
		{52314A04-A84B-4053-A6DE-837C39AAA4A2} = {614BAE00-84EB-47BC-8C41-71B6E2131A8C}
		{224C681D-ACDD-48F7-9929-4B111EF0D1B9} = {614BAE00-84EB-47BC-8C41-71B6E2131A8C}
		{779B2028-C640-4905-A36D-A83A043ACA82} = {614BAE00-84EB-47BC-8C41-71B6E2131A8C}
		{C6A5C699-6257-4CDE-9C12-70502FDC05E5} = {614BAE00-84EB-47BC-8C41-71B6E2131A8C}
		{BD24CAA3-9A99-4922-B73F-2A1F55486AFF} = {614BAE00-84EB-47BC-8C41-71B6E2131A8C}
		{D483641F-1FC6-47B3-A957-AC7771E1114D} = {614BAE00-84EB-47BC-8C41-71B6E2131A8C}
		{5A6D04FF-61B6-4466-AC97-072ED4CEBA4C} = {614BAE00-84EB-47BC-8C41-71B6E2131A8C}
		{5A1F3DDC-9D77-418A-83F2-DC422391FEB4} = {614BAE00-84EB-47BC-8C41-71B6E2131A8C}
		{1E76C25D-E3DE-46A6-85F2-AD0D99FDD13C} = {614BAE00-84EB-47BC-8C41-71B6E2131A8C}
		{26A8998B-29FB-4676-A5E2-42C60E15D61E} = {614BAE00-84EB-47BC-8C41-71B6E2131A8C}
		{1ADB742F-AFC9-48E4-A036-484829B78DFF} = {614BAE00-84EB-47BC-8C41-71B6E2131A8C}
		{76322B76-8542-4732-B944-23F75E811409} = {614BAE00-84EB-47BC-8C41-71B6E2131A8C}
		{4FF39BF5-80CC-4A0A-8C83-E88EEBF609AE} = {5E1B2542-C3EE-4515-8C83-C8E805B50E0F}
		{1119365F-F06E-4FD5-A460-881BE13571C5} = {5E1B2542-C3EE-4515-8C83-C8E805B50E0F}
		{2FA7DAE1-DBF3-49CC-A6C8-13865325640D} = {5E1B2542-C3EE-4515-8C83-C8E805B50E0F}
		{755119C9-E2F7-4ED5-B305-CD0E07A340AE} = {5E1B2542-C3EE-4515-8C83-C8E805B50E0F}
		{FD2C14EA-011F-4D9F-8F5F-4B1B2874D0CF} = {5E1B2542-C3EE-4515-8C83-C8E805B50E0F}
		{50DCEF4D-A742-4B37-8197-B1F052AF34A7} = {5E1B2542-C3EE-4515-8C83-C8E805B50E0F}
		{092ADAAD-B0F5-4D47-B788-67CAE9A27737} = {5E1B2542-C3EE-4515-8C83-C8E805B50E0F}
		{99F44F31-7F6F-4C48-842F-8F5667736AB0} = {5E1B2542-C3EE-4515-8C83-C8E805B50E0F}
		{A50C1697-1E99-489B-942F-13351AB2E9B7} = {5E1B2542-C3EE-4515-8C83-C8E805B50E0F}
		{67699FFB-0D5A-4730-A85C-D029413CC6DA} = {5E1B2542-C3EE-4515-8C83-C8E805B50E0F}
		{0B7340DD-FE68-47B7-BCB7-5F2069BDCEC5} = {5E1B2542-C3EE-4515-8C83-C8E805B50E0F}
		{A4126292-7527-4B72-928D-4F2AF75A0CA0} = {5E1B2542-C3EE-4515-8C83-C8E805B50E0F}
		{E6922547-FFE4-426C-AEE3-F014EB2ECC9D} = {5E1B2542-C3EE-4515-8C83-C8E805B50E0F}
		{AC4FD76C-9401-4669-9148-825719D573AB} = {5E1B2542-C3EE-4515-8C83-C8E805B50E0F}
		{BC902841-808A-4368-A9D1-96EDC6E5D91E} = {5E1B2542-C3EE-4515-8C83-C8E805B50E0F}
		{340CE65A-CEB0-4366-8AC5-CFBE9CAFD07B} = {5E1B2542-C3EE-4515-8C83-C8E805B50E0F}
		{CDBB5EE2-4FF3-44DE-8869-1E018C1DA2CA} = {5E1B2542-C3EE-4515-8C83-C8E805B50E0F}
		{43C81C5E-86EF-47F8-B818-7F7235552AC3} = {5E1B2542-C3EE-4515-8C83-C8E805B50E0F}
		{719072A8-E6A2-443C-81D2-F979A9F716C3} = {5E1B2542-C3EE-4515-8C83-C8E805B50E0F}
		{B6AE99D8-7681-43BE-B767-C5DED7529F46} = {5E1B2542-C3EE-4515-8C83-C8E805B50E0F}
		{DEA18B3A-DBC0-40C8-A8E2-C533B2085ACF} = {5E1B2542-C3EE-4515-8C83-C8E805B50E0F}
		{75CD5F20-CAD8-40ED-B39B-17D2766C7E32} = {5E1B2542-C3EE-4515-8C83-C8E805B50E0F}
	EndGlobalSection
	GlobalSection(ExtensibilityGlobals) = postSolution
		SolutionGuid = {A5354BDA-3E12-4F48-8A32-DAFA5BEC4AA4}
	EndGlobalSection
EndGlobal
